<?xml version="1.0" encoding="utf-8"?>
<Project ToolsVersion="4.0" xmlns="http://schemas.microsoft.com/developer/msbuild/2003">
  <ItemGroup>
    <FxCompile Include="SimplePixelShader.hlsl" />
    <FxCompile Include="SimpleVertexShader.hlsl" />
  </ItemGroup>
  <ItemGroup>
    <ClCompile Include="Direct3DAssets.cpp" />
    <ClCompile Include="Direct3DBase.cpp" />
    <ClCompile Include="Direct3DContentProvider.cpp" />
    <ClCompile Include="Direct3DGameScreen.cpp" />
    <ClCompile Include="Direct3DInterop.cpp" />
    <ClCompile Include="GameSound.cpp" />
    <ClCompile Include="Global.cpp" />
    <ClCompile Include="pch.cpp" />
    <ClCompile Include="RECTUtils.cpp" />
    <ClCompile Include="..\..\..\..\..\core\CockDynamicGameObject.cpp" />
    <ClCompile Include="..\..\..\..\..\core\DynamicGameObject.cpp" />
    <ClCompile Include="..\..\..\..\..\core\GameObject.cpp" />
    <ClCompile Include="..\..\..\..\..\core\GameScreen.cpp" />
    <ClCompile Include="..\..\..\..\..\core\Rectangle.cpp" />
    <ClCompile Include="..\..\..\..\..\core\TouchEvent.cpp" />
    <ClCompile Include="..\..\..\..\..\core\Vector2D.cpp" />
    <ClCompile Include="Helpers\MediaEnginePlayer.cpp" />
    <ClCompile Include="Helpers\RandomAccessReader.cpp" />
    <ClCompile Include="Helpers\SoundFileReader.cpp" />
    <ClCompile Include="Helpers\XAudio2SoundPlayer.cpp" />
    <ClCompile Include="..\..\..\..\..\core\Assets.cpp" />
    <ClCompile Include="..\..\..\..\..\core\Obstacle.cpp" />
    <ClCompile Include="..\..\..\..\..\core\OverlapTester.cpp" />
    <ClCompile Include="..\..\..\..\..\core\TextureRegion.cpp" />
    <ClCompile Include="..\..\..\..\..\core\World.cpp" />
    <ClCompile Include="..\..\..\..\..\core\ObstacleBlock.cpp" />
    <ClCompile Include="..\..\..\..\..\core\Font.cpp" />
    <ClCompile Include="..\..\..\..\..\core\Renderer.cpp" />
    <ClCompile Include="Direct3DRenderer.cpp" />
    <ClCompile Include="..\..\..\..\..\core\GameButton.cpp" />
  </ItemGroup>
  <ItemGroup>
    <ClInclude Include="BasicTimer.h" />
    <ClInclude Include="Direct3DAssets.h" />
    <ClInclude Include="Direct3DBase.h" />
    <ClInclude Include="Direct3DContentProvider.h" />
    <ClInclude Include="Direct3DGameScreen.h" />
    <ClInclude Include="Direct3DInterop.h" />
    <ClInclude Include="DirectXHelper.h" />
    <ClInclude Include="GameSound.h" />
    <ClInclude Include="Global.h" />
    <ClInclude Include="RECTUtils.h" />
    <ClInclude Include="..\..\..\..\..\core\Assets.h" />
    <ClInclude Include="..\..\..\..\..\core\CockDynamicGameObject.h" />
    <ClInclude Include="..\..\..\..\..\core\Color.h" />
    <ClInclude Include="..\..\..\..\..\core\DynamicGameObject.h" />
    <ClInclude Include="..\..\..\..\..\core\GameObject.h" />
    <ClInclude Include="..\..\..\..\..\core\GameScreen.h" />
    <ClInclude Include="..\..\..\..\..\core\GameState.h" />
    <ClInclude Include="..\..\..\..\..\core\macros.h" />
    <ClInclude Include="..\..\..\..\..\core\Rectangle.h" />
    <ClInclude Include="..\..\..\..\..\core\TouchEvent.h" />
    <ClInclude Include="..\..\..\..\..\core\Vector2D.h" />
    <ClInclude Include="..\..\..\..\..\core\pch.h" />
    <ClInclude Include="Helpers\MediaEnginePlayer.h" />
    <ClInclude Include="Helpers\RandomAccessReader.h" />
    <ClInclude Include="Helpers\SoundFileReader.h" />
    <ClInclude Include="Helpers\XAudio2SoundPlayer.h" />
    <ClInclude Include="..\..\..\..\..\core\Obstacle.h" />
    <ClInclude Include="..\..\..\..\..\core\OverlapTester.h" />
    <ClInclude Include="..\..\..\..\..\core\TextureRegion.h" />
    <ClInclude Include="..\..\..\..\..\core\World.h" />
    <ClInclude Include="..\..\..\..\..\core\ObstacleBlock.h" />
    <ClInclude Include="..\..\..\..\..\core\ObstacleBlockType.h" />
    <ClInclude Include="..\..\..\..\..\core\Font.h" />
    <ClInclude Include="..\..\..\..\..\core\Renderer.h" />
    <ClInclude Include="Direct3DRenderer.h" />
    <ClInclude Include="..\..\..\..\..\core\GameButton.h" />
  </ItemGroup>
</Project>